// !$*UTF8*$!
{
	archiveVersion = 1;
	classes = {
	};
	objectVersion = 46;
	objects = {

/* Begin PBXBuildFile section */
		770D561B15E1DFD800EF29F9 /* UIKit.framework in Frameworks */ = {isa = PBXBuildFile; fileRef = 770D561A15E1DFD800EF29F9 /* UIKit.framework */; };
		770D561D15E1DFD800EF29F9 /* Foundation.framework in Frameworks */ = {isa = PBXBuildFile; fileRef = 770D561C15E1DFD800EF29F9 /* Foundation.framework */; };
		770D561F15E1DFD800EF29F9 /* CoreGraphics.framework in Frameworks */ = {isa = PBXBuildFile; fileRef = 770D561E15E1DFD800EF29F9 /* CoreGraphics.framework */; };
		770D562115E1DFD800EF29F9 /* CoreData.framework in Frameworks */ = {isa = PBXBuildFile; fileRef = 770D562015E1DFD800EF29F9 /* CoreData.framework */; };
		770D562715E1DFD800EF29F9 /* InfoPlist.strings in Resources */ = {isa = PBXBuildFile; fileRef = 770D562515E1DFD800EF29F9 /* InfoPlist.strings */; };
		770D562915E1DFD800EF29F9 /* main.m in Sources */ = {isa = PBXBuildFile; fileRef = 770D562815E1DFD800EF29F9 /* main.m */; };
		770D562D15E1DFD800EF29F9 /* AppDelegate.m in Sources */ = {isa = PBXBuildFile; fileRef = 770D562C15E1DFD800EF29F9 /* AppDelegate.m */; };
		770D563015E1DFD800EF29F9 /* Samson.xcdatamodeld in Sources */ = {isa = PBXBuildFile; fileRef = 770D562E15E1DFD800EF29F9 /* Samson.xcdatamodeld */; };
		77440348163E20AF00EBA5DA /* Workout+Custom.m in Sources */ = {isa = PBXBuildFile; fileRef = 77440347163E20AF00EBA5DA /* Workout+Custom.m */; };
		77440353163E2C1B00EBA5DA /* Exercise.m in Sources */ = {isa = PBXBuildFile; fileRef = 77440352163E2C1B00EBA5DA /* Exercise.m */; };
		77440356163E2C3900EBA5DA /* Category.m in Sources */ = {isa = PBXBuildFile; fileRef = 77440355163E2C3900EBA5DA /* Category.m */; };
		77440359163E2C4E00EBA5DA /* Workout.m in Sources */ = {isa = PBXBuildFile; fileRef = 77440358163E2C4E00EBA5DA /* Workout.m */; };
		778F76B015E33A5C0033DBD1 /* UIActionSheet+Additions.m in Sources */ = {isa = PBXBuildFile; fileRef = 778F76AF15E33A5C0033DBD1 /* UIActionSheet+Additions.m */; };
		77B03DB5163CB23F006D76D9 /* Category+Custom.m in Sources */ = {isa = PBXBuildFile; fileRef = 77B03DB4163CB23F006D76D9 /* Category+Custom.m */; };
		77B03DBA163CB293006D76D9 /* Exercise+Custom.m in Sources */ = {isa = PBXBuildFile; fileRef = 77B03DB9163CB293006D76D9 /* Exercise+Custom.m */; };
		77B3F06815E262E1001013FC /* CatalogueStore.m in Sources */ = {isa = PBXBuildFile; fileRef = 77B3F06715E262E1001013FC /* CatalogueStore.m */; };
		77BBDC8515E26EC400D0B79F /* InitialData.plist in Resources */ = {isa = PBXBuildFile; fileRef = 77BBDC8415E26EC400D0B79F /* InitialData.plist */; };
		77BBDC9215E279AB00D0B79F /* CatalogueViewController.m in Sources */ = {isa = PBXBuildFile; fileRef = 77BBDC9115E279AB00D0B79F /* CatalogueViewController.m */; };
		77C1C89015EE4F75005601D1 /* TableViewGestureRecognizer.m in Sources */ = {isa = PBXBuildFile; fileRef = 77C1C88F15EE4F75005601D1 /* TableViewGestureRecognizer.m */; };
		77C51DC015E30EB1002FF26D /* UITableView+SingleSectionsAdditions.m in Sources */ = {isa = PBXBuildFile; fileRef = 77C51DBF15E30EB1002FF26D /* UITableView+SingleSectionsAdditions.m */; };
		77D6E17D15E2ED7D00098D62 /* NSIndexPath+SingleSectionAdditions.m in Sources */ = {isa = PBXBuildFile; fileRef = 77D6E17C15E2ED7D00098D62 /* NSIndexPath+SingleSectionAdditions.m */; };
		77EECFE2163B717D002EE860 /* Default-568h@2x.png in Resources */ = {isa = PBXBuildFile; fileRef = 77EECFE1163B717D002EE860 /* Default-568h@2x.png */; };
/* End PBXBuildFile section */

/* Begin PBXFileReference section */
		770D561615E1DFD800EF29F9 /* Samson.app */ = {isa = PBXFileReference; explicitFileType = wrapper.application; includeInIndex = 0; path = Samson.app; sourceTree = BUILT_PRODUCTS_DIR; };
		770D561A15E1DFD800EF29F9 /* UIKit.framework */ = {isa = PBXFileReference; lastKnownFileType = wrapper.framework; name = UIKit.framework; path = System/Library/Frameworks/UIKit.framework; sourceTree = SDKROOT; };
		770D561C15E1DFD800EF29F9 /* Foundation.framework */ = {isa = PBXFileReference; lastKnownFileType = wrapper.framework; name = Foundation.framework; path = System/Library/Frameworks/Foundation.framework; sourceTree = SDKROOT; };
		770D561E15E1DFD800EF29F9 /* CoreGraphics.framework */ = {isa = PBXFileReference; lastKnownFileType = wrapper.framework; name = CoreGraphics.framework; path = System/Library/Frameworks/CoreGraphics.framework; sourceTree = SDKROOT; };
		770D562015E1DFD800EF29F9 /* CoreData.framework */ = {isa = PBXFileReference; lastKnownFileType = wrapper.framework; name = CoreData.framework; path = System/Library/Frameworks/CoreData.framework; sourceTree = SDKROOT; };
		770D562415E1DFD800EF29F9 /* Samson-Info.plist */ = {isa = PBXFileReference; lastKnownFileType = text.plist.xml; path = "Samson-Info.plist"; sourceTree = "<group>"; };
		770D562615E1DFD800EF29F9 /* en */ = {isa = PBXFileReference; lastKnownFileType = text.plist.strings; name = en; path = en.lproj/InfoPlist.strings; sourceTree = "<group>"; };
		770D562815E1DFD800EF29F9 /* main.m */ = {isa = PBXFileReference; lastKnownFileType = sourcecode.c.objc; path = main.m; sourceTree = "<group>"; };
		770D562A15E1DFD800EF29F9 /* Samson-Prefix.pch */ = {isa = PBXFileReference; lastKnownFileType = sourcecode.c.h; path = "Samson-Prefix.pch"; sourceTree = "<group>"; };
		770D562B15E1DFD800EF29F9 /* AppDelegate.h */ = {isa = PBXFileReference; lastKnownFileType = sourcecode.c.h; path = AppDelegate.h; sourceTree = "<group>"; };
		770D562C15E1DFD800EF29F9 /* AppDelegate.m */ = {isa = PBXFileReference; lastKnownFileType = sourcecode.c.objc; lineEnding = 0; path = AppDelegate.m; sourceTree = "<group>"; xcLanguageSpecificationIdentifier = xcode.lang.objc; };
		770D562F15E1DFD800EF29F9 /* Samson.xcdatamodel */ = {isa = PBXFileReference; lastKnownFileType = wrapper.xcdatamodel; path = Samson.xcdatamodel; sourceTree = "<group>"; };
		77440346163E20AF00EBA5DA /* Workout+Custom.h */ = {isa = PBXFileReference; fileEncoding = 4; lastKnownFileType = sourcecode.c.h; path = "Workout+Custom.h"; sourceTree = "<group>"; };
		77440347163E20AF00EBA5DA /* Workout+Custom.m */ = {isa = PBXFileReference; fileEncoding = 4; lastKnownFileType = sourcecode.c.objc; path = "Workout+Custom.m"; sourceTree = "<group>"; };
		77440351163E2C1B00EBA5DA /* Exercise.h */ = {isa = PBXFileReference; fileEncoding = 4; lastKnownFileType = sourcecode.c.h; path = Exercise.h; sourceTree = "<group>"; };
		77440352163E2C1B00EBA5DA /* Exercise.m */ = {isa = PBXFileReference; fileEncoding = 4; lastKnownFileType = sourcecode.c.objc; path = Exercise.m; sourceTree = "<group>"; };
		77440354163E2C3900EBA5DA /* Category.h */ = {isa = PBXFileReference; fileEncoding = 4; lastKnownFileType = sourcecode.c.h; path = Category.h; sourceTree = "<group>"; };
		77440355163E2C3900EBA5DA /* Category.m */ = {isa = PBXFileReference; fileEncoding = 4; lastKnownFileType = sourcecode.c.objc; path = Category.m; sourceTree = "<group>"; };
		77440357163E2C4E00EBA5DA /* Workout.h */ = {isa = PBXFileReference; fileEncoding = 4; lastKnownFileType = sourcecode.c.h; path = Workout.h; sourceTree = "<group>"; };
		77440358163E2C4E00EBA5DA /* Workout.m */ = {isa = PBXFileReference; fileEncoding = 4; lastKnownFileType = sourcecode.c.objc; path = Workout.m; sourceTree = "<group>"; };
		778F76AE15E33A5C0033DBD1 /* UIActionSheet+Additions.h */ = {isa = PBXFileReference; fileEncoding = 4; lastKnownFileType = sourcecode.c.h; path = "UIActionSheet+Additions.h"; sourceTree = "<group>"; };
		778F76AF15E33A5C0033DBD1 /* UIActionSheet+Additions.m */ = {isa = PBXFileReference; fileEncoding = 4; lastKnownFileType = sourcecode.c.objc; path = "UIActionSheet+Additions.m"; sourceTree = "<group>"; };
		77B03DB3163CB23F006D76D9 /* Category+Custom.h */ = {isa = PBXFileReference; fileEncoding = 4; lastKnownFileType = sourcecode.c.h; path = "Category+Custom.h"; sourceTree = "<group>"; };
		77B03DB4163CB23F006D76D9 /* Category+Custom.m */ = {isa = PBXFileReference; fileEncoding = 4; lastKnownFileType = sourcecode.c.objc; path = "Category+Custom.m"; sourceTree = "<group>"; };
		77B03DB8163CB293006D76D9 /* Exercise+Custom.h */ = {isa = PBXFileReference; fileEncoding = 4; lastKnownFileType = sourcecode.c.h; path = "Exercise+Custom.h"; sourceTree = "<group>"; };
		77B03DB9163CB293006D76D9 /* Exercise+Custom.m */ = {isa = PBXFileReference; fileEncoding = 4; lastKnownFileType = sourcecode.c.objc; path = "Exercise+Custom.m"; sourceTree = "<group>"; };
		77B3F06615E262E1001013FC /* CatalogueStore.h */ = {isa = PBXFileReference; fileEncoding = 4; lastKnownFileType = sourcecode.c.h; path = CatalogueStore.h; sourceTree = "<group>"; };
		77B3F06715E262E1001013FC /* CatalogueStore.m */ = {isa = PBXFileReference; fileEncoding = 4; lastKnownFileType = sourcecode.c.objc; path = CatalogueStore.m; sourceTree = "<group>"; };
		77BBDC8415E26EC400D0B79F /* InitialData.plist */ = {isa = PBXFileReference; fileEncoding = 4; lastKnownFileType = text.plist.xml; path = InitialData.plist; sourceTree = "<group>"; };
		77BBDC9015E279AB00D0B79F /* CatalogueViewController.h */ = {isa = PBXFileReference; fileEncoding = 4; lastKnownFileType = sourcecode.c.h; path = CatalogueViewController.h; sourceTree = "<group>"; };
		77BBDC9115E279AB00D0B79F /* CatalogueViewController.m */ = {isa = PBXFileReference; fileEncoding = 4; lastKnownFileType = sourcecode.c.objc; path = CatalogueViewController.m; sourceTree = "<group>"; };
		77C1C88E15EE4F75005601D1 /* TableViewGestureRecognizer.h */ = {isa = PBXFileReference; fileEncoding = 4; lastKnownFileType = sourcecode.c.h; path = TableViewGestureRecognizer.h; sourceTree = "<group>"; };
		77C1C88F15EE4F75005601D1 /* TableViewGestureRecognizer.m */ = {isa = PBXFileReference; fileEncoding = 4; lastKnownFileType = sourcecode.c.objc; path = TableViewGestureRecognizer.m; sourceTree = "<group>"; };
		77C51DBE15E30EB1002FF26D /* UITableView+SingleSectionsAdditions.h */ = {isa = PBXFileReference; fileEncoding = 4; lastKnownFileType = sourcecode.c.h; path = "UITableView+SingleSectionsAdditions.h"; sourceTree = "<group>"; };
		77C51DBF15E30EB1002FF26D /* UITableView+SingleSectionsAdditions.m */ = {isa = PBXFileReference; fileEncoding = 4; lastKnownFileType = sourcecode.c.objc; path = "UITableView+SingleSectionsAdditions.m"; sourceTree = "<group>"; };
		77D6E17B15E2ED7D00098D62 /* NSIndexPath+SingleSectionAdditions.h */ = {isa = PBXFileReference; fileEncoding = 4; lastKnownFileType = sourcecode.c.h; path = "NSIndexPath+SingleSectionAdditions.h"; sourceTree = "<group>"; };
		77D6E17C15E2ED7D00098D62 /* NSIndexPath+SingleSectionAdditions.m */ = {isa = PBXFileReference; fileEncoding = 4; lastKnownFileType = sourcecode.c.objc; path = "NSIndexPath+SingleSectionAdditions.m"; sourceTree = "<group>"; };
		77EECFE1163B717D002EE860 /* Default-568h@2x.png */ = {isa = PBXFileReference; lastKnownFileType = image.png; path = "Default-568h@2x.png"; sourceTree = "<group>"; };
/* End PBXFileReference section */

/* Begin PBXFrameworksBuildPhase section */
		770D561315E1DFD800EF29F9 /* Frameworks */ = {
			isa = PBXFrameworksBuildPhase;
			buildActionMask = 2147483647;
			files = (
				770D561B15E1DFD800EF29F9 /* UIKit.framework in Frameworks */,
				770D561D15E1DFD800EF29F9 /* Foundation.framework in Frameworks */,
				770D561F15E1DFD800EF29F9 /* CoreGraphics.framework in Frameworks */,
				770D562115E1DFD800EF29F9 /* CoreData.framework in Frameworks */,
			);
			runOnlyForDeploymentPostprocessing = 0;
		};
/* End PBXFrameworksBuildPhase section */

/* Begin PBXGroup section */
		770D560B15E1DFD800EF29F9 = {
			isa = PBXGroup;
			children = (
				77EECFE1163B717D002EE860 /* Default-568h@2x.png */,
				770D562215E1DFD800EF29F9 /* Samson */,
				770D561915E1DFD800EF29F9 /* Frameworks */,
				770D561715E1DFD800EF29F9 /* Products */,
			);
			sourceTree = "<group>";
		};
		770D561715E1DFD800EF29F9 /* Products */ = {
			isa = PBXGroup;
			children = (
				770D561615E1DFD800EF29F9 /* Samson.app */,
			);
			name = Products;
			sourceTree = "<group>";
		};
		770D561915E1DFD800EF29F9 /* Frameworks */ = {
			isa = PBXGroup;
			children = (
				770D561A15E1DFD800EF29F9 /* UIKit.framework */,
				770D561C15E1DFD800EF29F9 /* Foundation.framework */,
				770D561E15E1DFD800EF29F9 /* CoreGraphics.framework */,
				770D562015E1DFD800EF29F9 /* CoreData.framework */,
			);
			name = Frameworks;
			sourceTree = "<group>";
		};
		770D562215E1DFD800EF29F9 /* Samson */ = {
			isa = PBXGroup;
			children = (
				77C1C88C15EE4F48005601D1 /* Table View Gesture Recognizer */,
				77D6E17915E2ED5600098D62 /* Categeories */,
				77BBDC8F15E2798600D0B79F /* View Controllers */,
				77B3F06515E262BB001013FC /* Catalogue Store */,
				77B3F03815E257B0001013FC /* Application Delegate */,
				773A564F15E1E05800170646 /* Models */,
				770D562315E1DFD800EF29F9 /* Supporting Files */,
			);
			path = Samson;
			sourceTree = "<group>";
		};
		770D562315E1DFD800EF29F9 /* Supporting Files */ = {
			isa = PBXGroup;
			children = (
				77BBDC8415E26EC400D0B79F /* InitialData.plist */,
				770D562415E1DFD800EF29F9 /* Samson-Info.plist */,
				770D562515E1DFD800EF29F9 /* InfoPlist.strings */,
				770D562815E1DFD800EF29F9 /* main.m */,
				770D562A15E1DFD800EF29F9 /* Samson-Prefix.pch */,
			);
			name = "Supporting Files";
			sourceTree = "<group>";
		};
		773A564F15E1E05800170646 /* Models */ = {
			isa = PBXGroup;
			children = (
				77440344163E209A00EBA5DA /* Workout */,
				77B03DB7163CB27E006D76D9 /* Exercise */,
				77B03DB6163CB24F006D76D9 /* Category */,
				770D562E15E1DFD800EF29F9 /* Samson.xcdatamodeld */,
			);
			name = Models;
			sourceTree = "<group>";
		};
		77440344163E209A00EBA5DA /* Workout */ = {
			isa = PBXGroup;
			children = (
				77440357163E2C4E00EBA5DA /* Workout.h */,
				77440358163E2C4E00EBA5DA /* Workout.m */,
				77440346163E20AF00EBA5DA /* Workout+Custom.h */,
				77440347163E20AF00EBA5DA /* Workout+Custom.m */,
			);
			name = Workout;
			sourceTree = "<group>";
		};
		77B03DB6163CB24F006D76D9 /* Category */ = {
			isa = PBXGroup;
			children = (
				77440354163E2C3900EBA5DA /* Category.h */,
				77440355163E2C3900EBA5DA /* Category.m */,
				77B03DB3163CB23F006D76D9 /* Category+Custom.h */,
				77B03DB4163CB23F006D76D9 /* Category+Custom.m */,
			);
			name = Category;
			sourceTree = "<group>";
		};
		77B03DB7163CB27E006D76D9 /* Exercise */ = {
			isa = PBXGroup;
			children = (
				77440351163E2C1B00EBA5DA /* Exercise.h */,
				77440352163E2C1B00EBA5DA /* Exercise.m */,
				77B03DB8163CB293006D76D9 /* Exercise+Custom.h */,
				77B03DB9163CB293006D76D9 /* Exercise+Custom.m */,
			);
			name = Exercise;
			sourceTree = "<group>";
		};
		77B3F03815E257B0001013FC /* Application Delegate */ = {
			isa = PBXGroup;
			children = (
				770D562B15E1DFD800EF29F9 /* AppDelegate.h */,
				770D562C15E1DFD800EF29F9 /* AppDelegate.m */,
			);
			name = "Application Delegate";
			sourceTree = "<group>";
		};
		77B3F06515E262BB001013FC /* Catalogue Store */ = {
			isa = PBXGroup;
			children = (
				77B3F06615E262E1001013FC /* CatalogueStore.h */,
				77B3F06715E262E1001013FC /* CatalogueStore.m */,
			);
			name = "Catalogue Store";
			sourceTree = "<group>";
		};
		77BBDC8F15E2798600D0B79F /* View Controllers */ = {
			isa = PBXGroup;
			children = (
				77BBDC9015E279AB00D0B79F /* CatalogueViewController.h */,
				77BBDC9115E279AB00D0B79F /* CatalogueViewController.m */,
			);
			name = "View Controllers";
			sourceTree = "<group>";
		};
		77C1C88C15EE4F48005601D1 /* Table View Gesture Recognizer */ = {
			isa = PBXGroup;
			children = (
				77C1C88E15EE4F75005601D1 /* TableViewGestureRecognizer.h */,
				77C1C88F15EE4F75005601D1 /* TableViewGestureRecognizer.m */,
			);
			name = "Table View Gesture Recognizer";
			sourceTree = "<group>";
		};
		77D6E17915E2ED5600098D62 /* Categeories */ = {
			isa = PBXGroup;
			children = (
				778F76AE15E33A5C0033DBD1 /* UIActionSheet+Additions.h */,
				778F76AF15E33A5C0033DBD1 /* UIActionSheet+Additions.m */,
				77D6E17B15E2ED7D00098D62 /* NSIndexPath+SingleSectionAdditions.h */,
				77D6E17C15E2ED7D00098D62 /* NSIndexPath+SingleSectionAdditions.m */,
				77C51DBE15E30EB1002FF26D /* UITableView+SingleSectionsAdditions.h */,
				77C51DBF15E30EB1002FF26D /* UITableView+SingleSectionsAdditions.m */,
			);
			name = Categeories;
			sourceTree = "<group>";
		};
/* End PBXGroup section */

/* Begin PBXNativeTarget section */
		770D561515E1DFD800EF29F9 /* Samson */ = {
			isa = PBXNativeTarget;
			buildConfigurationList = 770D563315E1DFD800EF29F9 /* Build configuration list for PBXNativeTarget "Samson" */;
			buildPhases = (
				770D561215E1DFD800EF29F9 /* Sources */,
				770D561315E1DFD800EF29F9 /* Frameworks */,
				770D561415E1DFD800EF29F9 /* Resources */,
			);
			buildRules = (
			);
			dependencies = (
			);
			name = Samson;
			productName = Samson;
			productReference = 770D561615E1DFD800EF29F9 /* Samson.app */;
			productType = "com.apple.product-type.application";
		};
/* End PBXNativeTarget section */

/* Begin PBXProject section */
		770D560D15E1DFD800EF29F9 /* Project object */ = {
			isa = PBXProject;
			attributes = {
				LastUpgradeCheck = 0440;
				ORGANIZATIONNAME = "Jason Peebles";
			};
			buildConfigurationList = 770D561015E1DFD800EF29F9 /* Build configuration list for PBXProject "Samson" */;
			compatibilityVersion = "Xcode 3.2";
			developmentRegion = English;
			hasScannedForEncodings = 0;
			knownRegions = (
				en,
			);
			mainGroup = 770D560B15E1DFD800EF29F9;
			productRefGroup = 770D561715E1DFD800EF29F9 /* Products */;
			projectDirPath = "";
			projectRoot = "";
			targets = (
				770D561515E1DFD800EF29F9 /* Samson */,
			);
		};
/* End PBXProject section */

/* Begin PBXResourcesBuildPhase section */
		770D561415E1DFD800EF29F9 /* Resources */ = {
			isa = PBXResourcesBuildPhase;
			buildActionMask = 2147483647;
			files = (
				770D562715E1DFD800EF29F9 /* InfoPlist.strings in Resources */,
				77BBDC8515E26EC400D0B79F /* InitialData.plist in Resources */,
				77EECFE2163B717D002EE860 /* Default-568h@2x.png in Resources */,
			);
			runOnlyForDeploymentPostprocessing = 0;
		};
/* End PBXResourcesBuildPhase section */

/* Begin PBXSourcesBuildPhase section */
		770D561215E1DFD800EF29F9 /* Sources */ = {
			isa = PBXSourcesBuildPhase;
			buildActionMask = 2147483647;
			files = (
				770D562915E1DFD800EF29F9 /* main.m in Sources */,
				770D562D15E1DFD800EF29F9 /* AppDelegate.m in Sources */,
				770D563015E1DFD800EF29F9 /* Samson.xcdatamodeld in Sources */,
				77B3F06815E262E1001013FC /* CatalogueStore.m in Sources */,
				77BBDC9215E279AB00D0B79F /* CatalogueViewController.m in Sources */,
				77D6E17D15E2ED7D00098D62 /* NSIndexPath+SingleSectionAdditions.m in Sources */,
				77C51DC015E30EB1002FF26D /* UITableView+SingleSectionsAdditions.m in Sources */,
				778F76B015E33A5C0033DBD1 /* UIActionSheet+Additions.m in Sources */,
				77C1C89015EE4F75005601D1 /* TableViewGestureRecognizer.m in Sources */,
				77B03DB5163CB23F006D76D9 /* Category+Custom.m in Sources */,
				77B03DBA163CB293006D76D9 /* Exercise+Custom.m in Sources */,
				77440348163E20AF00EBA5DA /* Workout+Custom.m in Sources */,
				77440353163E2C1B00EBA5DA /* Exercise.m in Sources */,
				77440356163E2C3900EBA5DA /* Category.m in Sources */,
				77440359163E2C4E00EBA5DA /* Workout.m in Sources */,
			);
			runOnlyForDeploymentPostprocessing = 0;
		};
/* End PBXSourcesBuildPhase section */

/* Begin PBXVariantGroup section */
		770D562515E1DFD800EF29F9 /* InfoPlist.strings */ = {
			isa = PBXVariantGroup;
			children = (
				770D562615E1DFD800EF29F9 /* en */,
			);
			name = InfoPlist.strings;
			sourceTree = "<group>";
		};
/* End PBXVariantGroup section */

/* Begin XCBuildConfiguration section */
		770D563115E1DFD800EF29F9 /* Debug */ = {
			isa = XCBuildConfiguration;
			buildSettings = {
				ALWAYS_SEARCH_USER_PATHS = NO;
				ARCHS = "$(ARCHS_STANDARD_32_BIT)";
				CLANG_CXX_LANGUAGE_STANDARD = "gnu++0x";
				CLANG_ENABLE_OBJC_ARC = YES;
				CLANG_WARN_DEPRECATED_OBJC_IMPLEMENTATIONS = YES;
				CLANG_WARN_EMPTY_BODY = YES;
				CLANG_WARN_OBJC_IMPLICIT_ATOMIC_PROPERTIES = YES;
				CLANG_WARN_OBJC_MISSING_PROPERTY_SYNTHESIS = NO;
				CLANG_WARN_OBJC_RECEIVER_WEAK = YES;
				CLANG_WARN_SUSPICIOUS_IMPLICIT_CONVERSION = NO;
				CLANG_WARN__DUPLICATE_METHOD_MATCH = YES;
				"CODE_SIGN_IDENTITY[sdk=iphoneos*]" = "iPhone Developer: Jason Peebles (GML68C9397)";
				COPY_PHASE_STRIP = NO;
				GCC_C_LANGUAGE_STANDARD = gnu99;
				GCC_DYNAMIC_NO_PIC = NO;
				GCC_OPTIMIZATION_LEVEL = 0;
				GCC_PREPROCESSOR_DEFINITIONS = (
					"DEBUG=1",
					"$(inherited)",
				);
				GCC_SYMBOLS_PRIVATE_EXTERN = NO;
				GCC_TREAT_IMPLICIT_FUNCTION_DECLARATIONS_AS_ERRORS = YES;
				GCC_TREAT_INCOMPATIBLE_POINTER_TYPE_WARNINGS_AS_ERRORS = YES;
				GCC_TREAT_WARNINGS_AS_ERRORS = YES;
				GCC_VERSION = com.apple.compilers.llvm.clang.1_0;
				GCC_WARN_ABOUT_RETURN_TYPE = YES;
				GCC_WARN_INHIBIT_ALL_WARNINGS = NO;
				GCC_WARN_MULTIPLE_DEFINITION_TYPES_FOR_SELECTOR = YES;
				GCC_WARN_PEDANTIC = NO;
				GCC_WARN_SHADOW = YES;
				GCC_WARN_SIGN_COMPARE = NO;
				GCC_WARN_STRICT_SELECTOR_MATCH = NO;
				GCC_WARN_UNDECLARED_SELECTOR = YES;
				GCC_WARN_UNINITIALIZED_AUTOS = YES;
				GCC_WARN_UNKNOWN_PRAGMAS = YES;
				GCC_WARN_UNUSED_FUNCTION = YES;
				GCC_WARN_UNUSED_LABEL = YES;
				GCC_WARN_UNUSED_PARAMETER = NO;
				GCC_WARN_UNUSED_VARIABLE = YES;
				IPHONEOS_DEPLOYMENT_TARGET = 6.0;
				"PROVISIONING_PROFILE[sdk=iphoneos*]" = "7CD74EFB-914A-47BB-934A-A51D41F3F060";
				SDKROOT = iphoneos;
			};
			name = Debug;
		};
		770D563215E1DFD800EF29F9 /* Release */ = {
			isa = XCBuildConfiguration;
			buildSettings = {
				ALWAYS_SEARCH_USER_PATHS = NO;
				ARCHS = "$(ARCHS_STANDARD_32_BIT)";
				CLANG_CXX_LANGUAGE_STANDARD = "gnu++0x";
				CLANG_ENABLE_OBJC_ARC = YES;
				CLANG_WARN_DEPRECATED_OBJC_IMPLEMENTATIONS = YES;
				CLANG_WARN_EMPTY_BODY = YES;
				CLANG_WARN_OBJC_IMPLICIT_ATOMIC_PROPERTIES = YES;
				CLANG_WARN_OBJC_MISSING_PROPERTY_SYNTHESIS = NO;
				CLANG_WARN_OBJC_RECEIVER_WEAK = YES;
				CLANG_WARN_SUSPICIOUS_IMPLICIT_CONVERSION = NO;
				CLANG_WARN__DUPLICATE_METHOD_MATCH = YES;
				"CODE_SIGN_IDENTITY[sdk=iphoneos*]" = "iPhone Developer";
				COPY_PHASE_STRIP = YES;
				GCC_C_LANGUAGE_STANDARD = gnu99;
				GCC_TREAT_IMPLICIT_FUNCTION_DECLARATIONS_AS_ERRORS = YES;
				GCC_TREAT_INCOMPATIBLE_POINTER_TYPE_WARNINGS_AS_ERRORS = YES;
				GCC_TREAT_WARNINGS_AS_ERRORS = YES;
				GCC_VERSION = com.apple.compilers.llvm.clang.1_0;
				GCC_WARN_ABOUT_RETURN_TYPE = YES;
				GCC_WARN_INHIBIT_ALL_WARNINGS = NO;
				GCC_WARN_MULTIPLE_DEFINITION_TYPES_FOR_SELECTOR = YES;
				GCC_WARN_PEDANTIC = NO;
				GCC_WARN_SHADOW = YES;
				GCC_WARN_SIGN_COMPARE = NO;
				GCC_WARN_STRICT_SELECTOR_MATCH = NO;
				GCC_WARN_UNDECLARED_SELECTOR = YES;
				GCC_WARN_UNINITIALIZED_AUTOS = YES;
				GCC_WARN_UNKNOWN_PRAGMAS = YES;
				GCC_WARN_UNUSED_FUNCTION = YES;
				GCC_WARN_UNUSED_LABEL = YES;
				GCC_WARN_UNUSED_PARAMETER = NO;
				GCC_WARN_UNUSED_VARIABLE = YES;
				IPHONEOS_DEPLOYMENT_TARGET = 6.0;
				OTHER_CFLAGS = "-DNS_BLOCK_ASSERTIONS=1";
				SDKROOT = iphoneos;
				VALIDATE_PRODUCT = YES;
			};
			name = Release;
		};
		770D563415E1DFD800EF29F9 /* Debug */ = {
			isa = XCBuildConfiguration;
			buildSettings = {
				CLANG_ENABLE_OBJC_ARC = YES;
				GCC_PRECOMPILE_PREFIX_HEADER = YES;
				GCC_PREFIX_HEADER = "Samson/Samson-Prefix.pch";
				INFOPLIST_FILE = "Samson/Samson-Info.plist";
				PRODUCT_NAME = "$(TARGET_NAME)";
				WRAPPER_EXTENSION = app;
			};
			name = Debug;
		};
		770D563515E1DFD800EF29F9 /* Release */ = {
			isa = XCBuildConfiguration;
			buildSettings = {
				CLANG_ENABLE_OBJC_ARC = YES;
				GCC_PRECOMPILE_PREFIX_HEADER = YES;
				GCC_PREFIX_HEADER = "Samson/Samson-Prefix.pch";
				INFOPLIST_FILE = "Samson/Samson-Info.plist";
				PRODUCT_NAME = "$(TARGET_NAME)";
				WRAPPER_EXTENSION = app;
			};
			name = Release;
		};
/* End XCBuildConfiguration section */

/* Begin XCConfigurationList section */
		770D561015E1DFD800EF29F9 /* Build configuration list for PBXProject "Samson" */ = {
			isa = XCConfigurationList;
			buildConfigurations = (
				770D563115E1DFD800EF29F9 /* Debug */,
				770D563215E1DFD800EF29F9 /* Release */,
			);
			defaultConfigurationIsVisible = 0;
			defaultConfigurationName = Release;
		};
		770D563315E1DFD800EF29F9 /* Build configuration list for PBXNativeTarget "Samson" */ = {
			isa = XCConfigurationList;
			buildConfigurations = (
				770D563415E1DFD800EF29F9 /* Debug */,
				770D563515E1DFD800EF29F9 /* Release */,
			);
			defaultConfigurationIsVisible = 0;
			defaultConfigurationName = Release;
		};
/* End XCConfigurationList section */

/* Begin XCVersionGroup section */
		770D562E15E1DFD800EF29F9 /* Samson.xcdatamodeld */ = {
			isa = XCVersionGroup;
			children = (
				770D562F15E1DFD800EF29F9 /* Samson.xcdatamodel */,
			);
			currentVersion = 770D562F15E1DFD800EF29F9 /* Samson.xcdatamodel */;
			path = Samson.xcdatamodeld;
			sourceTree = "<group>";
			versionGroupType = wrapper.xcdatamodel;
		};
/* End XCVersionGroup section */
	};
	rootObject = 770D560D15E1DFD800EF29F9 /* Project object */;
}
