// !$*UTF8*$!
{
	archiveVersion = 1;
	classes = {
	};
	objectVersion = 46;
	objects = {

/* Begin PBXBuildFile section */
		770D561B15E1DFD800EF29F9 /* UIKit.framework in Frameworks */ = {isa = PBXBuildFile; fileRef = 770D561A15E1DFD800EF29F9 /* UIKit.framework */; };
		770D561D15E1DFD800EF29F9 /* Foundation.framework in Frameworks */ = {isa = PBXBuildFile; fileRef = 770D561C15E1DFD800EF29F9 /* Foundation.framework */; };
		770D561F15E1DFD800EF29F9 /* CoreGraphics.framework in Frameworks */ = {isa = PBXBuildFile; fileRef = 770D561E15E1DFD800EF29F9 /* CoreGraphics.framework */; };
		770D562115E1DFD800EF29F9 /* CoreData.framework in Frameworks */ = {isa = PBXBuildFile; fileRef = 770D562015E1DFD800EF29F9 /* CoreData.framework */; };
		770D562715E1DFD800EF29F9 /* InfoPlist.strings in Resources */ = {isa = PBXBuildFile; fileRef = 770D562515E1DFD800EF29F9 /* InfoPlist.strings */; };
		770D562915E1DFD800EF29F9 /* main.m in Sources */ = {isa = PBXBuildFile; fileRef = 770D562815E1DFD800EF29F9 /* main.m */; };
		770D562D15E1DFD800EF29F9 /* AppDelegate.m in Sources */ = {isa = PBXBuildFile; fileRef = 770D562C15E1DFD800EF29F9 /* AppDelegate.m */; };
		770D563015E1DFD800EF29F9 /* Samson.xcdatamodeld in Sources */ = {isa = PBXBuildFile; fileRef = 770D562E15E1DFD800EF29F9 /* Samson.xcdatamodeld */; };
		778F76A815E334C90033DBD1 /* Category+Custom.m in Sources */ = {isa = PBXBuildFile; fileRef = 778F76A715E334C90033DBD1 /* Category+Custom.m */; };
		778F76B015E33A5C0033DBD1 /* UIActionSheet+Additions.m in Sources */ = {isa = PBXBuildFile; fileRef = 778F76AF15E33A5C0033DBD1 /* UIActionSheet+Additions.m */; };
		77B3F04915E26112001013FC /* AbstractExercise.m in Sources */ = {isa = PBXBuildFile; fileRef = 77B3F04815E26112001013FC /* AbstractExercise.m */; };
		77B3F04C15E26113001013FC /* AbstractWorkout.m in Sources */ = {isa = PBXBuildFile; fileRef = 77B3F04B15E26113001013FC /* AbstractWorkout.m */; };
		77B3F04F15E26113001013FC /* AbstractInterval.m in Sources */ = {isa = PBXBuildFile; fileRef = 77B3F04E15E26113001013FC /* AbstractInterval.m */; };
		77B3F05215E26113001013FC /* DurationExercise.m in Sources */ = {isa = PBXBuildFile; fileRef = 77B3F05115E26113001013FC /* DurationExercise.m */; };
		77B3F05515E26113001013FC /* DurationInterval.m in Sources */ = {isa = PBXBuildFile; fileRef = 77B3F05415E26113001013FC /* DurationInterval.m */; };
		77B3F05815E26113001013FC /* WeightExercise.m in Sources */ = {isa = PBXBuildFile; fileRef = 77B3F05715E26113001013FC /* WeightExercise.m */; };
		77B3F05B15E26113001013FC /* WeightInterval.m in Sources */ = {isa = PBXBuildFile; fileRef = 77B3F05A15E26113001013FC /* WeightInterval.m */; };
		77B3F05E15E26113001013FC /* SetWorkout.m in Sources */ = {isa = PBXBuildFile; fileRef = 77B3F05D15E26113001013FC /* SetWorkout.m */; };
		77B3F06115E26113001013FC /* Category.m in Sources */ = {isa = PBXBuildFile; fileRef = 77B3F06015E26113001013FC /* Category.m */; };
		77B3F06415E26114001013FC /* DurationWorkout.m in Sources */ = {isa = PBXBuildFile; fileRef = 77B3F06315E26114001013FC /* DurationWorkout.m */; };
		77B3F06815E262E1001013FC /* CatalogueStore.m in Sources */ = {isa = PBXBuildFile; fileRef = 77B3F06715E262E1001013FC /* CatalogueStore.m */; };
		77BBDC8515E26EC400D0B79F /* InitialData.plist in Resources */ = {isa = PBXBuildFile; fileRef = 77BBDC8415E26EC400D0B79F /* InitialData.plist */; };
		77BBDC8A15E2755200D0B79F /* AbstractExercise+Custom.m in Sources */ = {isa = PBXBuildFile; fileRef = 77BBDC8915E2755200D0B79F /* AbstractExercise+Custom.m */; };
		77BBDC9215E279AB00D0B79F /* CatalogueViewController.m in Sources */ = {isa = PBXBuildFile; fileRef = 77BBDC9115E279AB00D0B79F /* CatalogueViewController.m */; };
		77C51DC015E30EB1002FF26D /* UITableView+SingleSectionsAdditions.m in Sources */ = {isa = PBXBuildFile; fileRef = 77C51DBF15E30EB1002FF26D /* UITableView+SingleSectionsAdditions.m */; };
		77D6E17D15E2ED7D00098D62 /* NSIndexPath+SingleSectionAdditions.m in Sources */ = {isa = PBXBuildFile; fileRef = 77D6E17C15E2ED7D00098D62 /* NSIndexPath+SingleSectionAdditions.m */; };
/* End PBXBuildFile section */

/* Begin PBXFileReference section */
		770D561615E1DFD800EF29F9 /* Samson.app */ = {isa = PBXFileReference; explicitFileType = wrapper.application; includeInIndex = 0; path = Samson.app; sourceTree = BUILT_PRODUCTS_DIR; };
		770D561A15E1DFD800EF29F9 /* UIKit.framework */ = {isa = PBXFileReference; lastKnownFileType = wrapper.framework; name = UIKit.framework; path = System/Library/Frameworks/UIKit.framework; sourceTree = SDKROOT; };
		770D561C15E1DFD800EF29F9 /* Foundation.framework */ = {isa = PBXFileReference; lastKnownFileType = wrapper.framework; name = Foundation.framework; path = System/Library/Frameworks/Foundation.framework; sourceTree = SDKROOT; };
		770D561E15E1DFD800EF29F9 /* CoreGraphics.framework */ = {isa = PBXFileReference; lastKnownFileType = wrapper.framework; name = CoreGraphics.framework; path = System/Library/Frameworks/CoreGraphics.framework; sourceTree = SDKROOT; };
		770D562015E1DFD800EF29F9 /* CoreData.framework */ = {isa = PBXFileReference; lastKnownFileType = wrapper.framework; name = CoreData.framework; path = System/Library/Frameworks/CoreData.framework; sourceTree = SDKROOT; };
		770D562415E1DFD800EF29F9 /* Samson-Info.plist */ = {isa = PBXFileReference; lastKnownFileType = text.plist.xml; path = "Samson-Info.plist"; sourceTree = "<group>"; };
		770D562615E1DFD800EF29F9 /* en */ = {isa = PBXFileReference; lastKnownFileType = text.plist.strings; name = en; path = en.lproj/InfoPlist.strings; sourceTree = "<group>"; };
		770D562815E1DFD800EF29F9 /* main.m */ = {isa = PBXFileReference; lastKnownFileType = sourcecode.c.objc; path = main.m; sourceTree = "<group>"; };
		770D562A15E1DFD800EF29F9 /* Samson-Prefix.pch */ = {isa = PBXFileReference; lastKnownFileType = sourcecode.c.h; path = "Samson-Prefix.pch"; sourceTree = "<group>"; };
		770D562B15E1DFD800EF29F9 /* AppDelegate.h */ = {isa = PBXFileReference; lastKnownFileType = sourcecode.c.h; path = AppDelegate.h; sourceTree = "<group>"; };
		770D562C15E1DFD800EF29F9 /* AppDelegate.m */ = {isa = PBXFileReference; lastKnownFileType = sourcecode.c.objc; lineEnding = 0; path = AppDelegate.m; sourceTree = "<group>"; xcLanguageSpecificationIdentifier = xcode.lang.objc; };
		770D562F15E1DFD800EF29F9 /* Samson.xcdatamodel */ = {isa = PBXFileReference; lastKnownFileType = wrapper.xcdatamodel; path = Samson.xcdatamodel; sourceTree = "<group>"; };
		778F76A615E334C90033DBD1 /* Category+Custom.h */ = {isa = PBXFileReference; fileEncoding = 4; lastKnownFileType = sourcecode.c.h; path = "Category+Custom.h"; sourceTree = "<group>"; };
		778F76A715E334C90033DBD1 /* Category+Custom.m */ = {isa = PBXFileReference; fileEncoding = 4; lastKnownFileType = sourcecode.c.objc; path = "Category+Custom.m"; sourceTree = "<group>"; };
		778F76AE15E33A5C0033DBD1 /* UIActionSheet+Additions.h */ = {isa = PBXFileReference; fileEncoding = 4; lastKnownFileType = sourcecode.c.h; path = "UIActionSheet+Additions.h"; sourceTree = "<group>"; };
		778F76AF15E33A5C0033DBD1 /* UIActionSheet+Additions.m */ = {isa = PBXFileReference; fileEncoding = 4; lastKnownFileType = sourcecode.c.objc; path = "UIActionSheet+Additions.m"; sourceTree = "<group>"; };
		77B3F04715E26112001013FC /* AbstractExercise.h */ = {isa = PBXFileReference; fileEncoding = 4; lastKnownFileType = sourcecode.c.h; path = AbstractExercise.h; sourceTree = "<group>"; };
		77B3F04815E26112001013FC /* AbstractExercise.m */ = {isa = PBXFileReference; fileEncoding = 4; lastKnownFileType = sourcecode.c.objc; path = AbstractExercise.m; sourceTree = "<group>"; };
		77B3F04A15E26113001013FC /* AbstractWorkout.h */ = {isa = PBXFileReference; fileEncoding = 4; lastKnownFileType = sourcecode.c.h; path = AbstractWorkout.h; sourceTree = "<group>"; };
		77B3F04B15E26113001013FC /* AbstractWorkout.m */ = {isa = PBXFileReference; fileEncoding = 4; lastKnownFileType = sourcecode.c.objc; path = AbstractWorkout.m; sourceTree = "<group>"; };
		77B3F04D15E26113001013FC /* AbstractInterval.h */ = {isa = PBXFileReference; fileEncoding = 4; lastKnownFileType = sourcecode.c.h; path = AbstractInterval.h; sourceTree = "<group>"; };
		77B3F04E15E26113001013FC /* AbstractInterval.m */ = {isa = PBXFileReference; fileEncoding = 4; lastKnownFileType = sourcecode.c.objc; path = AbstractInterval.m; sourceTree = "<group>"; };
		77B3F05015E26113001013FC /* DurationExercise.h */ = {isa = PBXFileReference; fileEncoding = 4; lastKnownFileType = sourcecode.c.h; path = DurationExercise.h; sourceTree = "<group>"; };
		77B3F05115E26113001013FC /* DurationExercise.m */ = {isa = PBXFileReference; fileEncoding = 4; lastKnownFileType = sourcecode.c.objc; path = DurationExercise.m; sourceTree = "<group>"; };
		77B3F05315E26113001013FC /* DurationInterval.h */ = {isa = PBXFileReference; fileEncoding = 4; lastKnownFileType = sourcecode.c.h; path = DurationInterval.h; sourceTree = "<group>"; };
		77B3F05415E26113001013FC /* DurationInterval.m */ = {isa = PBXFileReference; fileEncoding = 4; lastKnownFileType = sourcecode.c.objc; path = DurationInterval.m; sourceTree = "<group>"; };
		77B3F05615E26113001013FC /* WeightExercise.h */ = {isa = PBXFileReference; fileEncoding = 4; lastKnownFileType = sourcecode.c.h; path = WeightExercise.h; sourceTree = "<group>"; };
		77B3F05715E26113001013FC /* WeightExercise.m */ = {isa = PBXFileReference; fileEncoding = 4; lastKnownFileType = sourcecode.c.objc; path = WeightExercise.m; sourceTree = "<group>"; };
		77B3F05915E26113001013FC /* WeightInterval.h */ = {isa = PBXFileReference; fileEncoding = 4; lastKnownFileType = sourcecode.c.h; path = WeightInterval.h; sourceTree = "<group>"; };
		77B3F05A15E26113001013FC /* WeightInterval.m */ = {isa = PBXFileReference; fileEncoding = 4; lastKnownFileType = sourcecode.c.objc; path = WeightInterval.m; sourceTree = "<group>"; };
		77B3F05C15E26113001013FC /* SetWorkout.h */ = {isa = PBXFileReference; fileEncoding = 4; lastKnownFileType = sourcecode.c.h; path = SetWorkout.h; sourceTree = "<group>"; };
		77B3F05D15E26113001013FC /* SetWorkout.m */ = {isa = PBXFileReference; fileEncoding = 4; lastKnownFileType = sourcecode.c.objc; path = SetWorkout.m; sourceTree = "<group>"; };
		77B3F05F15E26113001013FC /* Category.h */ = {isa = PBXFileReference; fileEncoding = 4; lastKnownFileType = sourcecode.c.h; path = Category.h; sourceTree = "<group>"; };
		77B3F06015E26113001013FC /* Category.m */ = {isa = PBXFileReference; fileEncoding = 4; lastKnownFileType = sourcecode.c.objc; path = Category.m; sourceTree = "<group>"; };
		77B3F06215E26114001013FC /* DurationWorkout.h */ = {isa = PBXFileReference; fileEncoding = 4; lastKnownFileType = sourcecode.c.h; path = DurationWorkout.h; sourceTree = "<group>"; };
		77B3F06315E26114001013FC /* DurationWorkout.m */ = {isa = PBXFileReference; fileEncoding = 4; lastKnownFileType = sourcecode.c.objc; path = DurationWorkout.m; sourceTree = "<group>"; };
		77B3F06615E262E1001013FC /* CatalogueStore.h */ = {isa = PBXFileReference; fileEncoding = 4; lastKnownFileType = sourcecode.c.h; path = CatalogueStore.h; sourceTree = "<group>"; };
		77B3F06715E262E1001013FC /* CatalogueStore.m */ = {isa = PBXFileReference; fileEncoding = 4; lastKnownFileType = sourcecode.c.objc; path = CatalogueStore.m; sourceTree = "<group>"; };
		77BBDC8415E26EC400D0B79F /* InitialData.plist */ = {isa = PBXFileReference; fileEncoding = 4; lastKnownFileType = text.plist.xml; path = InitialData.plist; sourceTree = "<group>"; };
		77BBDC8815E2755200D0B79F /* AbstractExercise+Custom.h */ = {isa = PBXFileReference; fileEncoding = 4; lastKnownFileType = sourcecode.c.h; path = "AbstractExercise+Custom.h"; sourceTree = "<group>"; };
		77BBDC8915E2755200D0B79F /* AbstractExercise+Custom.m */ = {isa = PBXFileReference; fileEncoding = 4; lastKnownFileType = sourcecode.c.objc; path = "AbstractExercise+Custom.m"; sourceTree = "<group>"; };
		77BBDC9015E279AB00D0B79F /* CatalogueViewController.h */ = {isa = PBXFileReference; fileEncoding = 4; lastKnownFileType = sourcecode.c.h; path = CatalogueViewController.h; sourceTree = "<group>"; };
		77BBDC9115E279AB00D0B79F /* CatalogueViewController.m */ = {isa = PBXFileReference; fileEncoding = 4; lastKnownFileType = sourcecode.c.objc; path = CatalogueViewController.m; sourceTree = "<group>"; };
		77C51DBE15E30EB1002FF26D /* UITableView+SingleSectionsAdditions.h */ = {isa = PBXFileReference; fileEncoding = 4; lastKnownFileType = sourcecode.c.h; path = "UITableView+SingleSectionsAdditions.h"; sourceTree = "<group>"; };
		77C51DBF15E30EB1002FF26D /* UITableView+SingleSectionsAdditions.m */ = {isa = PBXFileReference; fileEncoding = 4; lastKnownFileType = sourcecode.c.objc; path = "UITableView+SingleSectionsAdditions.m"; sourceTree = "<group>"; };
		77D6E17B15E2ED7D00098D62 /* NSIndexPath+SingleSectionAdditions.h */ = {isa = PBXFileReference; fileEncoding = 4; lastKnownFileType = sourcecode.c.h; path = "NSIndexPath+SingleSectionAdditions.h"; sourceTree = "<group>"; };
		77D6E17C15E2ED7D00098D62 /* NSIndexPath+SingleSectionAdditions.m */ = {isa = PBXFileReference; fileEncoding = 4; lastKnownFileType = sourcecode.c.objc; path = "NSIndexPath+SingleSectionAdditions.m"; sourceTree = "<group>"; };
/* End PBXFileReference section */

/* Begin PBXFrameworksBuildPhase section */
		770D561315E1DFD800EF29F9 /* Frameworks */ = {
			isa = PBXFrameworksBuildPhase;
			buildActionMask = 2147483647;
			files = (
				770D561B15E1DFD800EF29F9 /* UIKit.framework in Frameworks */,
				770D561D15E1DFD800EF29F9 /* Foundation.framework in Frameworks */,
				770D561F15E1DFD800EF29F9 /* CoreGraphics.framework in Frameworks */,
				770D562115E1DFD800EF29F9 /* CoreData.framework in Frameworks */,
			);
			runOnlyForDeploymentPostprocessing = 0;
		};
/* End PBXFrameworksBuildPhase section */

/* Begin PBXGroup section */
		770D560B15E1DFD800EF29F9 = {
			isa = PBXGroup;
			children = (
				770D562215E1DFD800EF29F9 /* Samson */,
				770D561915E1DFD800EF29F9 /* Frameworks */,
				770D561715E1DFD800EF29F9 /* Products */,
			);
			sourceTree = "<group>";
		};
		770D561715E1DFD800EF29F9 /* Products */ = {
			isa = PBXGroup;
			children = (
				770D561615E1DFD800EF29F9 /* Samson.app */,
			);
			name = Products;
			sourceTree = "<group>";
		};
		770D561915E1DFD800EF29F9 /* Frameworks */ = {
			isa = PBXGroup;
			children = (
				770D561A15E1DFD800EF29F9 /* UIKit.framework */,
				770D561C15E1DFD800EF29F9 /* Foundation.framework */,
				770D561E15E1DFD800EF29F9 /* CoreGraphics.framework */,
				770D562015E1DFD800EF29F9 /* CoreData.framework */,
			);
			name = Frameworks;
			sourceTree = "<group>";
		};
		770D562215E1DFD800EF29F9 /* Samson */ = {
			isa = PBXGroup;
			children = (
				77D6E17915E2ED5600098D62 /* Categeories */,
				77BBDC8F15E2798600D0B79F /* View Controllers */,
				77B3F06515E262BB001013FC /* Catalogue Store */,
				77B3F03815E257B0001013FC /* Application Delegate */,
				773A564F15E1E05800170646 /* Models */,
				770D562315E1DFD800EF29F9 /* Supporting Files */,
			);
			path = Samson;
			sourceTree = "<group>";
		};
		770D562315E1DFD800EF29F9 /* Supporting Files */ = {
			isa = PBXGroup;
			children = (
				77BBDC8415E26EC400D0B79F /* InitialData.plist */,
				770D562415E1DFD800EF29F9 /* Samson-Info.plist */,
				770D562515E1DFD800EF29F9 /* InfoPlist.strings */,
				770D562815E1DFD800EF29F9 /* main.m */,
				770D562A15E1DFD800EF29F9 /* Samson-Prefix.pch */,
			);
			name = "Supporting Files";
			sourceTree = "<group>";
		};
		773A564F15E1E05800170646 /* Models */ = {
			isa = PBXGroup;
			children = (
				77B3F04715E26112001013FC /* AbstractExercise.h */,
				77B3F04815E26112001013FC /* AbstractExercise.m */,
				77BBDC8815E2755200D0B79F /* AbstractExercise+Custom.h */,
				77BBDC8915E2755200D0B79F /* AbstractExercise+Custom.m */,
				77B3F06215E26114001013FC /* DurationWorkout.h */,
				77B3F06315E26114001013FC /* DurationWorkout.m */,
				77B3F05F15E26113001013FC /* Category.h */,
				77B3F06015E26113001013FC /* Category.m */,
				778F76A615E334C90033DBD1 /* Category+Custom.h */,
				778F76A715E334C90033DBD1 /* Category+Custom.m */,
				77B3F05C15E26113001013FC /* SetWorkout.h */,
				77B3F05D15E26113001013FC /* SetWorkout.m */,
				77B3F05915E26113001013FC /* WeightInterval.h */,
				77B3F05A15E26113001013FC /* WeightInterval.m */,
				77B3F05615E26113001013FC /* WeightExercise.h */,
				77B3F05715E26113001013FC /* WeightExercise.m */,
				77B3F05315E26113001013FC /* DurationInterval.h */,
				77B3F05415E26113001013FC /* DurationInterval.m */,
				77B3F05015E26113001013FC /* DurationExercise.h */,
				77B3F05115E26113001013FC /* DurationExercise.m */,
				77B3F04D15E26113001013FC /* AbstractInterval.h */,
				77B3F04E15E26113001013FC /* AbstractInterval.m */,
				77B3F04A15E26113001013FC /* AbstractWorkout.h */,
				77B3F04B15E26113001013FC /* AbstractWorkout.m */,
				770D562E15E1DFD800EF29F9 /* Samson.xcdatamodeld */,
			);
			name = Models;
			sourceTree = "<group>";
		};
		77B3F03815E257B0001013FC /* Application Delegate */ = {
			isa = PBXGroup;
			children = (
				770D562B15E1DFD800EF29F9 /* AppDelegate.h */,
				770D562C15E1DFD800EF29F9 /* AppDelegate.m */,
			);
			name = "Application Delegate";
			sourceTree = "<group>";
		};
		77B3F06515E262BB001013FC /* Catalogue Store */ = {
			isa = PBXGroup;
			children = (
				77B3F06615E262E1001013FC /* CatalogueStore.h */,
				77B3F06715E262E1001013FC /* CatalogueStore.m */,
			);
			name = "Catalogue Store";
			sourceTree = "<group>";
		};
		77BBDC8F15E2798600D0B79F /* View Controllers */ = {
			isa = PBXGroup;
			children = (
				77BBDC9015E279AB00D0B79F /* CatalogueViewController.h */,
				77BBDC9115E279AB00D0B79F /* CatalogueViewController.m */,
			);
			name = "View Controllers";
			sourceTree = "<group>";
		};
		77D6E17915E2ED5600098D62 /* Categeories */ = {
			isa = PBXGroup;
			children = (
				778F76AE15E33A5C0033DBD1 /* UIActionSheet+Additions.h */,
				778F76AF15E33A5C0033DBD1 /* UIActionSheet+Additions.m */,
				77D6E17B15E2ED7D00098D62 /* NSIndexPath+SingleSectionAdditions.h */,
				77D6E17C15E2ED7D00098D62 /* NSIndexPath+SingleSectionAdditions.m */,
				77C51DBE15E30EB1002FF26D /* UITableView+SingleSectionsAdditions.h */,
				77C51DBF15E30EB1002FF26D /* UITableView+SingleSectionsAdditions.m */,
			);
			name = Categeories;
			sourceTree = "<group>";
		};
/* End PBXGroup section */

/* Begin PBXNativeTarget section */
		770D561515E1DFD800EF29F9 /* Samson */ = {
			isa = PBXNativeTarget;
			buildConfigurationList = 770D563315E1DFD800EF29F9 /* Build configuration list for PBXNativeTarget "Samson" */;
			buildPhases = (
				770D561215E1DFD800EF29F9 /* Sources */,
				770D561315E1DFD800EF29F9 /* Frameworks */,
				770D561415E1DFD800EF29F9 /* Resources */,
			);
			buildRules = (
			);
			dependencies = (
			);
			name = Samson;
			productName = Samson;
			productReference = 770D561615E1DFD800EF29F9 /* Samson.app */;
			productType = "com.apple.product-type.application";
		};
/* End PBXNativeTarget section */

/* Begin PBXProject section */
		770D560D15E1DFD800EF29F9 /* Project object */ = {
			isa = PBXProject;
			attributes = {
				LastUpgradeCheck = 0440;
				ORGANIZATIONNAME = "Jason Peebles";
			};
			buildConfigurationList = 770D561015E1DFD800EF29F9 /* Build configuration list for PBXProject "Samson" */;
			compatibilityVersion = "Xcode 3.2";
			developmentRegion = English;
			hasScannedForEncodings = 0;
			knownRegions = (
				en,
			);
			mainGroup = 770D560B15E1DFD800EF29F9;
			productRefGroup = 770D561715E1DFD800EF29F9 /* Products */;
			projectDirPath = "";
			projectRoot = "";
			targets = (
				770D561515E1DFD800EF29F9 /* Samson */,
			);
		};
/* End PBXProject section */

/* Begin PBXResourcesBuildPhase section */
		770D561415E1DFD800EF29F9 /* Resources */ = {
			isa = PBXResourcesBuildPhase;
			buildActionMask = 2147483647;
			files = (
				770D562715E1DFD800EF29F9 /* InfoPlist.strings in Resources */,
				77BBDC8515E26EC400D0B79F /* InitialData.plist in Resources */,
			);
			runOnlyForDeploymentPostprocessing = 0;
		};
/* End PBXResourcesBuildPhase section */

/* Begin PBXSourcesBuildPhase section */
		770D561215E1DFD800EF29F9 /* Sources */ = {
			isa = PBXSourcesBuildPhase;
			buildActionMask = 2147483647;
			files = (
				770D562915E1DFD800EF29F9 /* main.m in Sources */,
				770D562D15E1DFD800EF29F9 /* AppDelegate.m in Sources */,
				770D563015E1DFD800EF29F9 /* Samson.xcdatamodeld in Sources */,
				77B3F04915E26112001013FC /* AbstractExercise.m in Sources */,
				77B3F04C15E26113001013FC /* AbstractWorkout.m in Sources */,
				77B3F04F15E26113001013FC /* AbstractInterval.m in Sources */,
				77B3F05215E26113001013FC /* DurationExercise.m in Sources */,
				77B3F05515E26113001013FC /* DurationInterval.m in Sources */,
				77B3F05815E26113001013FC /* WeightExercise.m in Sources */,
				77B3F05B15E26113001013FC /* WeightInterval.m in Sources */,
				77B3F05E15E26113001013FC /* SetWorkout.m in Sources */,
				77B3F06115E26113001013FC /* Category.m in Sources */,
				77B3F06415E26114001013FC /* DurationWorkout.m in Sources */,
				77B3F06815E262E1001013FC /* CatalogueStore.m in Sources */,
				77BBDC8A15E2755200D0B79F /* AbstractExercise+Custom.m in Sources */,
				77BBDC9215E279AB00D0B79F /* CatalogueViewController.m in Sources */,
				77D6E17D15E2ED7D00098D62 /* NSIndexPath+SingleSectionAdditions.m in Sources */,
				77C51DC015E30EB1002FF26D /* UITableView+SingleSectionsAdditions.m in Sources */,
				778F76A815E334C90033DBD1 /* Category+Custom.m in Sources */,
				778F76B015E33A5C0033DBD1 /* UIActionSheet+Additions.m in Sources */,
			);
			runOnlyForDeploymentPostprocessing = 0;
		};
/* End PBXSourcesBuildPhase section */

/* Begin PBXVariantGroup section */
		770D562515E1DFD800EF29F9 /* InfoPlist.strings */ = {
			isa = PBXVariantGroup;
			children = (
				770D562615E1DFD800EF29F9 /* en */,
			);
			name = InfoPlist.strings;
			sourceTree = "<group>";
		};
/* End PBXVariantGroup section */

/* Begin XCBuildConfiguration section */
		770D563115E1DFD800EF29F9 /* Debug */ = {
			isa = XCBuildConfiguration;
			buildSettings = {
				ALWAYS_SEARCH_USER_PATHS = NO;
				ARCHS = "$(ARCHS_STANDARD_32_BIT)";
				CLANG_CXX_LANGUAGE_STANDARD = "gnu++0x";
				CLANG_ENABLE_OBJC_ARC = YES;
				CLANG_WARN__DUPLICATE_METHOD_MATCH = YES;
				"CODE_SIGN_IDENTITY[sdk=iphoneos*]" = "iPhone Developer";
				COPY_PHASE_STRIP = NO;
				GCC_C_LANGUAGE_STANDARD = gnu99;
				GCC_DYNAMIC_NO_PIC = NO;
				GCC_OPTIMIZATION_LEVEL = 0;
				GCC_PREPROCESSOR_DEFINITIONS = (
					"DEBUG=1",
					"$(inherited)",
				);
				GCC_SYMBOLS_PRIVATE_EXTERN = NO;
				GCC_VERSION = com.apple.compilers.llvm.clang.1_0;
				GCC_WARN_ABOUT_RETURN_TYPE = YES;
				GCC_WARN_UNINITIALIZED_AUTOS = YES;
				GCC_WARN_UNUSED_VARIABLE = YES;
				IPHONEOS_DEPLOYMENT_TARGET = 5.0;
				SDKROOT = iphoneos;
			};
			name = Debug;
		};
		770D563215E1DFD800EF29F9 /* Release */ = {
			isa = XCBuildConfiguration;
			buildSettings = {
				ALWAYS_SEARCH_USER_PATHS = NO;
				ARCHS = "$(ARCHS_STANDARD_32_BIT)";
				CLANG_CXX_LANGUAGE_STANDARD = "gnu++0x";
				CLANG_ENABLE_OBJC_ARC = YES;
				CLANG_WARN__DUPLICATE_METHOD_MATCH = YES;
				"CODE_SIGN_IDENTITY[sdk=iphoneos*]" = "iPhone Developer";
				COPY_PHASE_STRIP = YES;
				GCC_C_LANGUAGE_STANDARD = gnu99;
				GCC_VERSION = com.apple.compilers.llvm.clang.1_0;
				GCC_WARN_ABOUT_RETURN_TYPE = YES;
				GCC_WARN_UNINITIALIZED_AUTOS = YES;
				GCC_WARN_UNUSED_VARIABLE = YES;
				IPHONEOS_DEPLOYMENT_TARGET = 5.0;
				OTHER_CFLAGS = "-DNS_BLOCK_ASSERTIONS=1";
				SDKROOT = iphoneos;
				VALIDATE_PRODUCT = YES;
			};
			name = Release;
		};
		770D563415E1DFD800EF29F9 /* Debug */ = {
			isa = XCBuildConfiguration;
			buildSettings = {
				CLANG_ENABLE_OBJC_ARC = YES;
				GCC_PRECOMPILE_PREFIX_HEADER = YES;
				GCC_PREFIX_HEADER = "Samson/Samson-Prefix.pch";
				INFOPLIST_FILE = "Samson/Samson-Info.plist";
				PRODUCT_NAME = "$(TARGET_NAME)";
				WRAPPER_EXTENSION = app;
			};
			name = Debug;
		};
		770D563515E1DFD800EF29F9 /* Release */ = {
			isa = XCBuildConfiguration;
			buildSettings = {
				CLANG_ENABLE_OBJC_ARC = YES;
				GCC_PRECOMPILE_PREFIX_HEADER = YES;
				GCC_PREFIX_HEADER = "Samson/Samson-Prefix.pch";
				INFOPLIST_FILE = "Samson/Samson-Info.plist";
				PRODUCT_NAME = "$(TARGET_NAME)";
				WRAPPER_EXTENSION = app;
			};
			name = Release;
		};
/* End XCBuildConfiguration section */

/* Begin XCConfigurationList section */
		770D561015E1DFD800EF29F9 /* Build configuration list for PBXProject "Samson" */ = {
			isa = XCConfigurationList;
			buildConfigurations = (
				770D563115E1DFD800EF29F9 /* Debug */,
				770D563215E1DFD800EF29F9 /* Release */,
			);
			defaultConfigurationIsVisible = 0;
			defaultConfigurationName = Release;
		};
		770D563315E1DFD800EF29F9 /* Build configuration list for PBXNativeTarget "Samson" */ = {
			isa = XCConfigurationList;
			buildConfigurations = (
				770D563415E1DFD800EF29F9 /* Debug */,
				770D563515E1DFD800EF29F9 /* Release */,
			);
			defaultConfigurationIsVisible = 0;
			defaultConfigurationName = Release;
		};
/* End XCConfigurationList section */

/* Begin XCVersionGroup section */
		770D562E15E1DFD800EF29F9 /* Samson.xcdatamodeld */ = {
			isa = XCVersionGroup;
			children = (
				770D562F15E1DFD800EF29F9 /* Samson.xcdatamodel */,
			);
			currentVersion = 770D562F15E1DFD800EF29F9 /* Samson.xcdatamodel */;
			path = Samson.xcdatamodeld;
			sourceTree = "<group>";
			versionGroupType = wrapper.xcdatamodel;
		};
/* End XCVersionGroup section */
	};
	rootObject = 770D560D15E1DFD800EF29F9 /* Project object */;
}
